
Microsoft Visual Studio Solution File, Format Version 12.00
# Visual Studio Version 17
VisualStudioVersion = 17.14.36908.2
MinimumVisualStudioVersion = 10.0.40219.1
Project("{FAE04EC0-301F-11D3-BF4B-00C04F79EFBC}") = "ArcadianEngine", "src\ArcadianEngine\ArcadianEngine.csproj", "{299B1613-1D9C-4E99-8BBF-BDBAB53AEEBD}"
EndProject
Global
	GlobalSection(SolutionConfigurationPlatforms) = preSolution
		Debug|Any CPU = Debug|Any CPU
		Debug|x64 = Debug|x64
		Debug|x86 = Debug|x86
		Release|Any CPU = Release|Any CPU
		Release|x64 = Release|x64
		Release|x86 = Release|x86
	EndGlobalSection
	GlobalSection(ProjectConfigurationPlatforms) = postSolution
		{299B1613-1D9C-4E99-8BBF-BDBAB53AEEBD}.Debug|Any CPU.ActiveCfg = Debug|Any CPU
		{299B1613-1D9C-4E99-8BBF-BDBAB53AEEBD}.Debug|Any CPU.Build.0 = Debug|Any CPU
		{299B1613-1D9C-4E99-8BBF-BDBAB53AEEBD}.Debug|x64.ActiveCfg = Debug|Any CPU
		{299B1613-1D9C-4E99-8BBF-BDBAB53AEEBD}.Debug|x64.Build.0 = Debug|Any CPU
		{299B1613-1D9C-4E99-8BBF-BDBAB53AEEBD}.Debug|x86.ActiveCfg = Debug|Any CPU
		{299B1613-1D9C-4E99-8BBF-BDBAB53AEEBD}.Debug|x86.Build.0 = Debug|Any CPU
		{299B1613-1D9C-4E99-8BBF-BDBAB53AEEBD}.Release|Any CPU.ActiveCfg = Release|Any CPU
		{299B1613-1D9C-4E99-8BBF-BDBAB53AEEBD}.Release|Any CPU.Build.0 = Release|Any CPU
		{299B1613-1D9C-4E99-8BBF-BDBAB53AEEBD}.Release|x64.ActiveCfg = Release|Any CPU
		{299B1613-1D9C-4E99-8BBF-BDBAB53AEEBD}.Release|x64.Build.0 = Release|Any CPU
		{299B1613-1D9C-4E99-8BBF-BDBAB53AEEBD}.Release|x86.ActiveCfg = Release|Any CPU
		{299B1613-1D9C-4E99-8BBF-BDBAB53AEEBD}.Release|x86.Build.0 = Release|Any CPU
		{439864C1-AAF2-46E7-82A8-693744940599}.Debug|Any CPU.ActiveCfg = Debug|Any CPU
		{439864C1-AAF2-46E7-82A8-693744940599}.Debug|Any CPU.Build.0 = Debug|Any CPU
		{439864C1-AAF2-46E7-82A8-693744940599}.Debug|x64.ActiveCfg = Debug|Any CPU
		{439864C1-AAF2-46E7-82A8-693744940599}.Debug|x64.Build.0 = Debug|Any CPU
		{439864C1-AAF2-46E7-82A8-693744940599}.Debug|x86.ActiveCfg = Debug|Any CPU
		{439864C1-AAF2-46E7-82A8-693744940599}.Debug|x86.Build.0 = Debug|Any CPU
		{439864C1-AAF2-46E7-82A8-693744940599}.Release|Any CPU.ActiveCfg = Release|Any CPU
		{439864C1-AAF2-46E7-82A8-693744940599}.Release|Any CPU.Build.0 = Release|Any CPU
		{439864C1-AAF2-46E7-82A8-693744940599}.Release|x64.ActiveCfg = Release|Any CPU
		{439864C1-AAF2-46E7-82A8-693744940599}.Release|x64.Build.0 = Release|Any CPU
		{439864C1-AAF2-46E7-82A8-693744940599}.Release|x86.ActiveCfg = Release|Any CPU
		{439864C1-AAF2-46E7-82A8-693744940599}.Release|x86.Build.0 = Release|Any CPU
		{5EF03099-55A1-4C92-BCB7-FC2D51BA6A57}.Debug|Any CPU.ActiveCfg = Debug|Any CPU
		{5EF03099-55A1-4C92-BCB7-FC2D51BA6A57}.Debug|Any CPU.Build.0 = Debug|Any CPU
		{5EF03099-55A1-4C92-BCB7-FC2D51BA6A57}.Debug|x64.ActiveCfg = Debug|Any CPU
		{5EF03099-55A1-4C92-BCB7-FC2D51BA6A57}.Debug|x64.Build.0 = Debug|Any CPU
		{5EF03099-55A1-4C92-BCB7-FC2D51BA6A57}.Debug|x86.ActiveCfg = Debug|Any CPU
		{5EF03099-55A1-4C92-BCB7-FC2D51BA6A57}.Debug|x86.Build.0 = Debug|Any CPU
		{5EF03099-55A1-4C92-BCB7-FC2D51BA6A57}.Release|Any CPU.ActiveCfg = Release|Any CPU
		{5EF03099-55A1-4C92-BCB7-FC2D51BA6A57}.Release|Any CPU.Build.0 = Release|Any CPU
		{5EF03099-55A1-4C92-BCB7-FC2D51BA6A57}.Release|x64.ActiveCfg = Release|Any CPU
		{5EF03099-55A1-4C92-BCB7-FC2D51BA6A57}.Release|x64.Build.0 = Release|Any CPU
		{5EF03099-55A1-4C92-BCB7-FC2D51BA6A57}.Release|x86.ActiveCfg = Release|Any CPU
		{5EF03099-55A1-4C92-BCB7-FC2D51BA6A57}.Release|x86.Build.0 = Release|Any CPU
	EndGlobalSection
	GlobalSection(SolutionProperties) = preSolution
		HideSolutionNode = FALSE
	EndGlobalSection
EndGlobal
